
Microsoft Visual Studio Solution File, Format Version 12.00
Project("{FAE04EC0-301F-11D3-BF4B-00C04F79EFBC}") = "Backgammon.WebAPI", "Backgammon.WebAPI\Backgammon.WebAPI.csproj", "{6821183E-AD56-4B40-904A-283973877C05}"
EndProject
Project("{FAE04EC0-301F-11D3-BF4B-00C04F79EFBC}") = "Backgammon.GameCore", "Backgammon.GameCore\Backgammon.GameCore.csproj", "{2430E1C4-605D-455F-B48E-3BEA236C3825}"
EndProject
Project("{FAE04EC0-301F-11D3-BF4B-00C04F79EFBC}") = "Backgammon.Infrastructure", "Backgammon.Infrastructure\Backgammon.Infrastructure.csproj", "{A5D3868A-D314-46A2-92BD-16C194DC126D}"
EndProject
Project("{FAE04EC0-301F-11D3-BF4B-00C04F79EFBC}") = "Backgammon.Tests", "Backgammon.Tests\Backgammon.Tests.csproj", "{31D04842-C191-42E2-A582-034538FFD954}"
EndProject
Project("{FAE04EC0-301F-11D3-BF4B-00C04F79EFBC}") = "Backgammon.Core", "Backgammon.Core\Backgammon.Core.csproj", "{53D2418F-82DF-4B21-B75A-691DE3D83769}"
EndProject
Global
	GlobalSection(SolutionConfigurationPlatforms) = preSolution
		Debug|Any CPU = Debug|Any CPU
		Release|Any CPU = Release|Any CPU
	EndGlobalSection
	GlobalSection(ProjectConfigurationPlatforms) = postSolution
		{6821183E-AD56-4B40-904A-283973877C05}.Debug|Any CPU.ActiveCfg = Debug|Any CPU
		{6821183E-AD56-4B40-904A-283973877C05}.Debug|Any CPU.Build.0 = Debug|Any CPU
		{6821183E-AD56-4B40-904A-283973877C05}.Release|Any CPU.ActiveCfg = Release|Any CPU
		{6821183E-AD56-4B40-904A-283973877C05}.Release|Any CPU.Build.0 = Release|Any CPU
		{2430E1C4-605D-455F-B48E-3BEA236C3825}.Debug|Any CPU.ActiveCfg = Debug|Any CPU
		{2430E1C4-605D-455F-B48E-3BEA236C3825}.Debug|Any CPU.Build.0 = Debug|Any CPU
		{2430E1C4-605D-455F-B48E-3BEA236C3825}.Release|Any CPU.ActiveCfg = Release|Any CPU
		{2430E1C4-605D-455F-B48E-3BEA236C3825}.Release|Any CPU.Build.0 = Release|Any CPU
		{A5D3868A-D314-46A2-92BD-16C194DC126D}.Debug|Any CPU.ActiveCfg = Debug|Any CPU
		{A5D3868A-D314-46A2-92BD-16C194DC126D}.Debug|Any CPU.Build.0 = Debug|Any CPU
		{A5D3868A-D314-46A2-92BD-16C194DC126D}.Release|Any CPU.ActiveCfg = Release|Any CPU
		{A5D3868A-D314-46A2-92BD-16C194DC126D}.Release|Any CPU.Build.0 = Release|Any CPU
		{31D04842-C191-42E2-A582-034538FFD954}.Debug|Any CPU.ActiveCfg = Debug|Any CPU
		{31D04842-C191-42E2-A582-034538FFD954}.Debug|Any CPU.Build.0 = Debug|Any CPU
		{31D04842-C191-42E2-A582-034538FFD954}.Release|Any CPU.ActiveCfg = Release|Any CPU
		{31D04842-C191-42E2-A582-034538FFD954}.Release|Any CPU.Build.0 = Release|Any CPU
		{53D2418F-82DF-4B21-B75A-691DE3D83769}.Debug|Any CPU.ActiveCfg = Debug|Any CPU
		{53D2418F-82DF-4B21-B75A-691DE3D83769}.Debug|Any CPU.Build.0 = Debug|Any CPU
		{53D2418F-82DF-4B21-B75A-691DE3D83769}.Release|Any CPU.ActiveCfg = Release|Any CPU
		{53D2418F-82DF-4B21-B75A-691DE3D83769}.Release|Any CPU.Build.0 = Release|Any CPU
	EndGlobalSection
EndGlobal
